
Microsoft Visual Studio Solution File, Format Version 12.00
# Visual Studio Version 17
VisualStudioVersion = 17.0.31903.59
MinimumVisualStudioVersion = 10.0.40219.1
Project("{2150E333-8FDC-42A3-9474-1A3956D46DE8}") = "tools", "tools", "{3744D17C-A0E1-48B1-82E1-782E23254180}"
EndProject
Project("{FAE04EC0-301F-11D3-BF4B-00C04F79EFBC}") = "Generator", "tools\Generator\Generator.csproj", "{28A41FDC-AAED-41EC-9F6F-871A9DE49825}"
EndProject
Project("{2150E333-8FDC-42A3-9474-1A3956D46DE8}") = "src", "src", "{333DD24F-668E-42EF-8B27-186C4BEAA654}"
EndProject
Project("{FAE04EC0-301F-11D3-BF4B-00C04F79EFBC}") = "ElasticCommonSchema", "src\ElasticCommonSchema\ElasticCommonSchema.csproj", "{E0D9F748-26DC-46FB-9E58-A933AFE865F7}"
EndProject
Global
	GlobalSection(SolutionConfigurationPlatforms) = preSolution
		Debug|Any CPU = Debug|Any CPU
		Release|Any CPU = Release|Any CPU
	EndGlobalSection
	GlobalSection(SolutionProperties) = preSolution
		HideSolutionNode = FALSE
	EndGlobalSection
	GlobalSection(ProjectConfigurationPlatforms) = postSolution
		{28A41FDC-AAED-41EC-9F6F-871A9DE49825}.Debug|Any CPU.ActiveCfg = Debug|Any CPU
		{28A41FDC-AAED-41EC-9F6F-871A9DE49825}.Debug|Any CPU.Build.0 = Debug|Any CPU
		{28A41FDC-AAED-41EC-9F6F-871A9DE49825}.Release|Any CPU.ActiveCfg = Release|Any CPU
		{28A41FDC-AAED-41EC-9F6F-871A9DE49825}.Release|Any CPU.Build.0 = Release|Any CPU
		{E0D9F748-26DC-46FB-9E58-A933AFE865F7}.Debug|Any CPU.ActiveCfg = Debug|Any CPU
		{E0D9F748-26DC-46FB-9E58-A933AFE865F7}.Debug|Any CPU.Build.0 = Debug|Any CPU
		{E0D9F748-26DC-46FB-9E58-A933AFE865F7}.Release|Any CPU.ActiveCfg = Release|Any CPU
		{E0D9F748-26DC-46FB-9E58-A933AFE865F7}.Release|Any CPU.Build.0 = Release|Any CPU
	EndGlobalSection
	GlobalSection(NestedProjects) = preSolution
		{28A41FDC-AAED-41EC-9F6F-871A9DE49825} = {3744D17C-A0E1-48B1-82E1-782E23254180}
		{E0D9F748-26DC-46FB-9E58-A933AFE865F7} = {333DD24F-668E-42EF-8B27-186C4BEAA654}
	EndGlobalSection
EndGlobal
